// !$*UTF8*$!
{
	archiveVersion = 1;
	classes = {
	};
	objectVersion = 77;
	objects = {

/* Begin PBXContainerItemProxy section */
		20FDB4D82D3016FD00D4D797 /* PBXContainerItemProxy */ = {
			isa = PBXContainerItemProxy;
			containerPortal = 20FDB4BB2D3016FC00D4D797 /* Project object */;
			proxyType = 1;
			remoteGlobalIDString = 20FDB4C22D3016FC00D4D797;
			remoteInfo = "New app working";
		};
		20FDB4E22D3016FD00D4D797 /* PBXContainerItemProxy */ = {
			isa = PBXContainerItemProxy;
			containerPortal = 20FDB4BB2D3016FC00D4D797 /* Project object */;
			proxyType = 1;
			remoteGlobalIDString = 20FDB4C22D3016FC00D4D797;
			remoteInfo = "New app working";
		};
/* End PBXContainerItemProxy section */

/* Begin PBXFileReference section */
		20FDB4C32D3016FC00D4D797 /* New app working.app */ = {isa = PBXFileReference; explicitFileType = wrapper.application; includeInIndex = 0; path = "New app working.app"; sourceTree = BUILT_PRODUCTS_DIR; };
		20FDB4D72D3016FD00D4D797 /* New app workingTests.xctest */ = {isa = PBXFileReference; explicitFileType = wrapper.cfbundle; includeInIndex = 0; path = "New app workingTests.xctest"; sourceTree = BUILT_PRODUCTS_DIR; };
		20FDB4E12D3016FD00D4D797 /* New app workingUITests.xctest */ = {isa = PBXFileReference; explicitFileType = wrapper.cfbundle; includeInIndex = 0; path = "New app workingUITests.xctest"; sourceTree = BUILT_PRODUCTS_DIR; };
/* End PBXFileReference section */

/* Begin PBXFileSystemSynchronizedBuildFileExceptionSet section */
		20FDB4E92D3016FD00D4D797 /* Exceptions for "New app working" folder in "New app working" target */ = {
			isa = PBXFileSystemSynchronizedBuildFileExceptionSet;
			membershipExceptions = (
				Info.plist,
			);
			target = 20FDB4C22D3016FC00D4D797 /* New app working */;
		};
/* End PBXFileSystemSynchronizedBuildFileExceptionSet section */

/* Begin PBXFileSystemSynchronizedRootGroup section */
		20FDB4C52D3016FC00D4D797 /* New app working */ = {
			isa = PBXFileSystemSynchronizedRootGroup;
			exceptions = (
				20FDB4E92D3016FD00D4D797 /* Exceptions for "New app working" folder in "New app working" target */,
			);
			path = "New app working";
			sourceTree = "<group>";
		};
		20FDB4DA2D3016FD00D4D797 /* New app workingTests */ = {
			isa = PBXFileSystemSynchronizedRootGroup;
			path = "New app workingTests";
			sourceTree = "<group>";
		};
		20FDB4E42D3016FD00D4D797 /* New app workingUITests */ = {
			isa = PBXFileSystemSynchronizedRootGroup;
			path = "New app workingUITests";
			sourceTree = "<group>";
		};
/* End PBXFileSystemSynchronizedRootGroup section */

/* Begin PBXFrameworksBuildPhase section */
		20FDB4C02D3016FC00D4D797 /* Frameworks */ = {
			isa = PBXFrameworksBuildPhase;
			buildActionMask = 2147483647;
			files = (
			);
			runOnlyForDeploymentPostprocessing = 0;
		};
		20FDB4D42D3016FD00D4D797 /* Frameworks */ = {
			isa = PBXFrameworksBuildPhase;
			buildActionMask = 2147483647;
			files = (
			);
			runOnlyForDeploymentPostprocessing = 0;
		};
		20FDB4DE2D3016FD00D4D797 /* Frameworks */ = {
			isa = PBXFrameworksBuildPhase;
			buildActionMask = 2147483647;
			files = (
			);
			runOnlyForDeploymentPostprocessing = 0;
		};
/* End PBXFrameworksBuildPhase section */

/* Begin PBXGroup section */
		20FDB4BA2D3016FC00D4D797 = {
			isa = PBXGroup;
			children = (
				20FDB4C52D3016FC00D4D797 /* New app working */,
				20FDB4DA2D3016FD00D4D797 /* New app workingTests */,
				20FDB4E42D3016FD00D4D797 /* New app workingUITests */,
				20FDB4C42D3016FC00D4D797 /* Products */,
			);
			sourceTree = "<group>";
		};
		20FDB4C42D3016FC00D4D797 /* Products */ = {
			isa = PBXGroup;
			children = (
				20FDB4C32D3016FC00D4D797 /* New app working.app */,
				20FDB4D72D3016FD00D4D797 /* New app workingTests.xctest */,
				20FDB4E12D3016FD00D4D797 /* New app workingUITests.xctest */,
			);
			name = Products;
			sourceTree = "<group>";
		};
/* End PBXGroup section */

/* Begin PBXNativeTarget section */
		20FDB4C22D3016FC00D4D797 /* New app working */ = {
			isa = PBXNativeTarget;
			buildConfigurationList = 20FDB4EA2D3016FD00D4D797 /* Build configuration list for PBXNativeTarget "New app working" */;
			buildPhases = (
				20FDB4BF2D3016FC00D4D797 /* Sources */,
				20FDB4C02D3016FC00D4D797 /* Frameworks */,
				20FDB4C12D3016FC00D4D797 /* Resources */,
			);
			buildRules = (
			);
			dependencies = (
			);
			fileSystemSynchronizedGroups = (
				20FDB4C52D3016FC00D4D797 /* New app working */,
			);
			name = "New app working";
			packageProductDependencies = (
			);
			productName = "New app working";
			productReference = 20FDB4C32D3016FC00D4D797 /* New app working.app */;
			productType = "com.apple.product-type.application";
		};
		20FDB4D62D3016FD00D4D797 /* New app workingTests */ = {
			isa = PBXNativeTarget;
			buildConfigurationList = 20FDB4EF2D3016FD00D4D797 /* Build configuration list for PBXNativeTarget "New app workingTests" */;
			buildPhases = (
				20FDB4D32D3016FD00D4D797 /* Sources */,
				20FDB4D42D3016FD00D4D797 /* Frameworks */,
				20FDB4D52D3016FD00D4D797 /* Resources */,
			);
			buildRules = (
			);
			dependencies = (
				20FDB4D92D3016FD00D4D797 /* PBXTargetDependency */,
			);
			fileSystemSynchronizedGroups = (
				20FDB4DA2D3016FD00D4D797 /* New app workingTests */,
			);
			name = "New app workingTests";
			packageProductDependencies = (
			);
			productName = "New app workingTests";
			productReference = 20FDB4D72D3016FD00D4D797 /* New app workingTests.xctest */;
			productType = "com.apple.product-type.bundle.unit-test";
		};
		20FDB4E02D3016FD00D4D797 /* New app workingUITests */ = {
			isa = PBXNativeTarget;
			buildConfigurationList = 20FDB4F22D3016FD00D4D797 /* Build configuration list for PBXNativeTarget "New app workingUITests" */;
			buildPhases = (
				20FDB4DD2D3016FD00D4D797 /* Sources */,
				20FDB4DE2D3016FD00D4D797 /* Frameworks */,
				20FDB4DF2D3016FD00D4D797 /* Resources */,
			);
			buildRules = (
			);
			dependencies = (
				20FDB4E32D3016FD00D4D797 /* PBXTargetDependency */,
			);
			fileSystemSynchronizedGroups = (
				20FDB4E42D3016FD00D4D797 /* New app workingUITests */,
			);
			name = "New app workingUITests";
			packageProductDependencies = (
			);
			productName = "New app workingUITests";
			productReference = 20FDB4E12D3016FD00D4D797 /* New app workingUITests.xctest */;
			productType = "com.apple.product-type.bundle.ui-testing";
		};
/* End PBXNativeTarget section */

/* Begin PBXProject section */
		20FDB4BB2D3016FC00D4D797 /* Project object */ = {
			isa = PBXProject;
			attributes = {
				BuildIndependentTargetsInParallel = 1;
				LastSwiftUpdateCheck = 1610;
				LastUpgradeCheck = 1610;
				TargetAttributes = {
					20FDB4C22D3016FC00D4D797 = {
						CreatedOnToolsVersion = 16.1;
					};
					20FDB4D62D3016FD00D4D797 = {
						CreatedOnToolsVersion = 16.1;
						TestTargetID = 20FDB4C22D3016FC00D4D797;
					};
					20FDB4E02D3016FD00D4D797 = {
						CreatedOnToolsVersion = 16.1;
						TestTargetID = 20FDB4C22D3016FC00D4D797;
					};
				};
			};
			buildConfigurationList = 20FDB4BE2D3016FC00D4D797 /* Build configuration list for PBXProject "New app working" */;
			developmentRegion = en;
			hasScannedForEncodings = 0;
			knownRegions = (
				en,
				Base,
			);
			mainGroup = 20FDB4BA2D3016FC00D4D797;
			minimizedProjectReferenceProxies = 1;
			preferredProjectObjectVersion = 77;
			productRefGroup = 20FDB4C42D3016FC00D4D797 /* Products */;
			projectDirPath = "";
			projectRoot = "";
			targets = (
				20FDB4C22D3016FC00D4D797 /* New app working */,
				20FDB4D62D3016FD00D4D797 /* New app workingTests */,
				20FDB4E02D3016FD00D4D797 /* New app workingUITests */,
			);
		};
/* End PBXProject section */

/* Begin PBXResourcesBuildPhase section */
		20FDB4C12D3016FC00D4D797 /* Resources */ = {
			isa = PBXResourcesBuildPhase;
			buildActionMask = 2147483647;
			files = (
			);
			runOnlyForDeploymentPostprocessing = 0;
		};
		20FDB4D52D3016FD00D4D797 /* Resources */ = {
			isa = PBXResourcesBuildPhase;
			buildActionMask = 2147483647;
			files = (
			);
			runOnlyForDeploymentPostprocessing = 0;
		};
		20FDB4DF2D3016FD00D4D797 /* Resources */ = {
			isa = PBXResourcesBuildPhase;
			buildActionMask = 2147483647;
			files = (
			);
			runOnlyForDeploymentPostprocessing = 0;
		};
/* End PBXResourcesBuildPhase section */

/* Begin PBXSourcesBuildPhase section */
		20FDB4BF2D3016FC00D4D797 /* Sources */ = {
			isa = PBXSourcesBuildPhase;
			buildActionMask = 2147483647;
			files = (
			);
			runOnlyForDeploymentPostprocessing = 0;
		};
		20FDB4D32D3016FD00D4D797 /* Sources */ = {
			isa = PBXSourcesBuildPhase;
			buildActionMask = 2147483647;
			files = (
			);
			runOnlyForDeploymentPostprocessing = 0;
		};
		20FDB4DD2D3016FD00D4D797 /* Sources */ = {
			isa = PBXSourcesBuildPhase;
			buildActionMask = 2147483647;
			files = (
			);
			runOnlyForDeploymentPostprocessing = 0;
		};
/* End PBXSourcesBuildPhase section */

/* Begin PBXTargetDependency section */
		20FDB4D92D3016FD00D4D797 /* PBXTargetDependency */ = {
			isa = PBXTargetDependency;
			target = 20FDB4C22D3016FC00D4D797 /* New app working */;
			targetProxy = 20FDB4D82D3016FD00D4D797 /* PBXContainerItemProxy */;
		};
		20FDB4E32D3016FD00D4D797 /* PBXTargetDependency */ = {
			isa = PBXTargetDependency;
			target = 20FDB4C22D3016FC00D4D797 /* New app working */;
			targetProxy = 20FDB4E22D3016FD00D4D797 /* PBXContainerItemProxy */;
		};
/* End PBXTargetDependency section */

/* Begin XCBuildConfiguration section */
		20FDB4EB2D3016FD00D4D797 /* Debug */ = {
			isa = XCBuildConfiguration;
			buildSettings = {
				ASSETCATALOG_COMPILER_APPICON_NAME = AppIcon;
				ASSETCATALOG_COMPILER_GLOBAL_ACCENT_COLOR_NAME = AccentColor;
				CODE_SIGN_ENTITLEMENTS = "New app working/New_app_working.entitlements";
				CODE_SIGN_STYLE = Automatic;
				CURRENT_PROJECT_VERSION = 1;
				DEVELOPMENT_ASSET_PATHS = "\"New app working/Preview Content\"";
				DEVELOPMENT_TEAM = 82SWTYVM8B;
				ENABLE_PREVIEWS = YES;
				GENERATE_INFOPLIST_FILE = YES;
				INFOPLIST_FILE = "New app working/Info.plist";
				INFOPLIST_KEY_NSCameraUsageDescription = "Qr code scanning";
				INFOPLIST_KEY_UIApplicationSceneManifest_Generation = YES;
				INFOPLIST_KEY_UIApplicationSupportsIndirectInputEvents = YES;
				INFOPLIST_KEY_UILaunchScreen_Generation = YES;
				INFOPLIST_KEY_UISupportedInterfaceOrientations_iPad = "UIInterfaceOrientationPortrait UIInterfaceOrientationPortraitUpsideDown UIInterfaceOrientationLandscapeLeft UIInterfaceOrientationLandscapeRight";
				INFOPLIST_KEY_UISupportedInterfaceOrientations_iPhone = "UIInterfaceOrientationPortrait UIInterfaceOrientationLandscapeLeft UIInterfaceOrientationLandscapeRight";
				LD_RUNPATH_SEARCH_PATHS = (
					"$(inherited)",
					"@executable_path/Frameworks",
				);
				MARKETING_VERSION = 1.0;
				PRODUCT_BUNDLE_IDENTIFIER = "AttendanceNew-app-working12";
				PRODUCT_NAME = "$(TARGET_NAME)";
				SWIFT_EMIT_LOC_STRINGS = YES;
				SWIFT_VERSION = 5.0;
				TARGETED_DEVICE_FAMILY = "1,2";
			};
			name = Debug;
		};
		20FDB4EC2D3016FD00D4D797 /* Release */ = {
			isa = XCBuildConfiguration;
			buildSettings = {
				ASSETCATALOG_COMPILER_APPICON_NAME = AppIcon;
				ASSETCATALOG_COMPILER_GLOBAL_ACCENT_COLOR_NAME = AccentColor;
				CODE_SIGN_ENTITLEMENTS = "New app working/New_app_working.entitlements";
				CODE_SIGN_STYLE = Automatic;
				CURRENT_PROJECT_VERSION = 1;
				DEVELOPMENT_ASSET_PATHS = "\"New app working/Preview Content\"";
				DEVELOPMENT_TEAM = 82SWTYVM8B;
				ENABLE_PREVIEWS = YES;
				GENERATE_INFOPLIST_FILE = YES;
				INFOPLIST_FILE = "New app working/Info.plist";
				INFOPLIST_KEY_NSCameraUsageDescription = "Qr code scanning";
				INFOPLIST_KEY_UIApplicationSceneManifest_Generation = YES;
				INFOPLIST_KEY_UIApplicationSupportsIndirectInputEvents = YES;
				INFOPLIST_KEY_UILaunchScreen_Generation = YES;
				INFOPLIST_KEY_UISupportedInterfaceOrientations_iPad = "UIInterfaceOrientationPortrait UIInterfaceOrientationPortraitUpsideDown UIInterfaceOrientationLandscapeLeft UIInterfaceOrientationLandscapeRight";
				INFOPLIST_KEY_UISupportedInterfaceOrientations_iPhone = "UIInterfaceOrientationPortrait UIInterfaceOrientationLandscapeLeft UIInterfaceOrientationLandscapeRight";
				LD_RUNPATH_SEARCH_PATHS = (
					"$(inherited)",
					"@executable_path/Frameworks",
				);
				MARKETING_VERSION = 1.0;
				PRODUCT_BUNDLE_IDENTIFIER = "AttendanceNew-app-working12";
				PRODUCT_NAME = "$(TARGET_NAME)";
				SWIFT_EMIT_LOC_STRINGS = YES;
				SWIFT_VERSION = 5.0;
				TARGETED_DEVICE_FAMILY = "1,2";
			};
			name = Release;
		};
		20FDB4ED2D3016FD00D4D797 /* Debug */ = {
			isa = XCBuildConfiguration;
			buildSettings = {
				ALWAYS_SEARCH_USER_PATHS = NO;
				ASSETCATALOG_COMPILER_GENERATE_SWIFT_ASSET_SYMBOL_EXTENSIONS = YES;
				CLANG_ANALYZER_NONNULL = YES;
				CLANG_ANALYZER_NUMBER_OBJECT_CONVERSION = YES_AGGRESSIVE;
				CLANG_CXX_LANGUAGE_STANDARD = "gnu++20";
				CLANG_ENABLE_MODULES = YES;
				CLANG_ENABLE_OBJC_ARC = YES;
				CLANG_ENABLE_OBJC_WEAK = YES;
				CLANG_WARN_BLOCK_CAPTURE_AUTORELEASING = YES;
				CLANG_WARN_BOOL_CONVERSION = YES;
				CLANG_WARN_COMMA = YES;
				CLANG_WARN_CONSTANT_CONVERSION = YES;
				CLANG_WARN_DEPRECATED_OBJC_IMPLEMENTATIONS = YES;
				CLANG_WARN_DIRECT_OBJC_ISA_USAGE = YES_ERROR;
				CLANG_WARN_DOCUMENTATION_COMMENTS = YES;
				CLANG_WARN_EMPTY_BODY = YES;
				CLANG_WARN_ENUM_CONVERSION = YES;
				CLANG_WARN_INFINITE_RECURSION = YES;
				CLANG_WARN_INT_CONVERSION = YES;
				CLANG_WARN_NON_LITERAL_NULL_CONVERSION = YES;
				CLANG_WARN_OBJC_IMPLICIT_RETAIN_SELF = YES;
				CLANG_WARN_OBJC_LITERAL_CONVERSION = YES;
				CLANG_WARN_OBJC_ROOT_CLASS = YES_ERROR;
				CLANG_WARN_QUOTED_INCLUDE_IN_FRAMEWORK_HEADER = YES;
				CLANG_WARN_RANGE_LOOP_ANALYSIS = YES;
				CLANG_WARN_STRICT_PROTOTYPES = YES;
				CLANG_WARN_SUSPICIOUS_MOVE = YES;
				CLANG_WARN_UNGUARDED_AVAILABILITY = YES_AGGRESSIVE;
				CLANG_WARN_UNREACHABLE_CODE = YES;
				CLANG_WARN__DUPLICATE_METHOD_MATCH = YES;
				COPY_PHASE_STRIP = NO;
				DEBUG_INFORMATION_FORMAT = dwarf;
				ENABLE_STRICT_OBJC_MSGSEND = YES;
				ENABLE_TESTABILITY = YES;
				ENABLE_USER_SCRIPT_SANDBOXING = YES;
				GCC_C_LANGUAGE_STANDARD = gnu17;
				GCC_DYNAMIC_NO_PIC = NO;
				GCC_NO_COMMON_BLOCKS = YES;
				GCC_OPTIMIZATION_LEVEL = 0;
				GCC_PREPROCESSOR_DEFINITIONS = (
					"DEBUG=1",
					"$(inherited)",
				);
				GCC_WARN_64_TO_32_BIT_CONVERSION = YES;
				GCC_WARN_ABOUT_RETURN_TYPE = YES_ERROR;
				GCC_WARN_UNDECLARED_SELECTOR = YES;
				GCC_WARN_UNINITIALIZED_AUTOS = YES_AGGRESSIVE;
				GCC_WARN_UNUSED_FUNCTION = YES;
				GCC_WARN_UNUSED_VARIABLE = YES;
				IPHONEOS_DEPLOYMENT_TARGET = 18.1;
				LOCALIZATION_PREFERS_STRING_CATALOGS = YES;
				MTL_ENABLE_DEBUG_INFO = INCLUDE_SOURCE;
				MTL_FAST_MATH = YES;
				ONLY_ACTIVE_ARCH = YES;
				SDKROOT = iphoneos;
				SWIFT_ACTIVE_COMPILATION_CONDITIONS = "DEBUG $(inherited)";
				SWIFT_OPTIMIZATION_LEVEL = "-Onone";
			};
			name = Debug;
		};
		20FDB4EE2D3016FD00D4D797 /* Release */ = {
			isa = XCBuildConfiguration;
			buildSettings = {
				ALWAYS_SEARCH_USER_PATHS = NO;
				ASSETCATALOG_COMPILER_GENERATE_SWIFT_ASSET_SYMBOL_EXTENSIONS = YES;
				CLANG_ANALYZER_NONNULL = YES;
				CLANG_ANALYZER_NUMBER_OBJECT_CONVERSION = YES_AGGRESSIVE;
				CLANG_CXX_LANGUAGE_STANDARD = "gnu++20";
				CLANG_ENABLE_MODULES = YES;
				CLANG_ENABLE_OBJC_ARC = YES;
				CLANG_ENABLE_OBJC_WEAK = YES;
				CLANG_WARN_BLOCK_CAPTURE_AUTORELEASING = YES;
				CLANG_WARN_BOOL_CONVERSION = YES;
				CLANG_WARN_COMMA = YES;
				CLANG_WARN_CONSTANT_CONVERSION = YES;
				CLANG_WARN_DEPRECATED_OBJC_IMPLEMENTATIONS = YES;
				CLANG_WARN_DIRECT_OBJC_ISA_USAGE = YES_ERROR;
				CLANG_WARN_DOCUMENTATION_COMMENTS = YES;
				CLANG_WARN_EMPTY_BODY = YES;
				CLANG_WARN_ENUM_CONVERSION = YES;
				CLANG_WARN_INFINITE_RECURSION = YES;
				CLANG_WARN_INT_CONVERSION = YES;
				CLANG_WARN_NON_LITERAL_NULL_CONVERSION = YES;
				CLANG_WARN_OBJC_IMPLICIT_RETAIN_SELF = YES;
				CLANG_WARN_OBJC_LITERAL_CONVERSION = YES;
				CLANG_WARN_OBJC_ROOT_CLASS = YES_ERROR;
				CLANG_WARN_QUOTED_INCLUDE_IN_FRAMEWORK_HEADER = YES;
				CLANG_WARN_RANGE_LOOP_ANALYSIS = YES;
				CLANG_WARN_STRICT_PROTOTYPES = YES;
				CLANG_WARN_SUSPICIOUS_MOVE = YES;
				CLANG_WARN_UNGUARDED_AVAILABILITY = YES_AGGRESSIVE;
				CLANG_WARN_UNREACHABLE_CODE = YES;
				CLANG_WARN__DUPLICATE_METHOD_MATCH = YES;
				COPY_PHASE_STRIP = NO;
				DEBUG_INFORMATION_FORMAT = "dwarf-with-dsym";
				ENABLE_NS_ASSERTIONS = NO;
				ENABLE_STRICT_OBJC_MSGSEND = YES;
				ENABLE_USER_SCRIPT_SANDBOXING = YES;
				GCC_C_LANGUAGE_STANDARD = gnu17;
				GCC_NO_COMMON_BLOCKS = YES;
				GCC_WARN_64_TO_32_BIT_CONVERSION = YES;
				GCC_WARN_ABOUT_RETURN_TYPE = YES_ERROR;
				GCC_WARN_UNDECLARED_SELECTOR = YES;
				GCC_WARN_UNINITIALIZED_AUTOS = YES_AGGRESSIVE;
				GCC_WARN_UNUSED_FUNCTION = YES;
				GCC_WARN_UNUSED_VARIABLE = YES;
				IPHONEOS_DEPLOYMENT_TARGET = 18.1;
				LOCALIZATION_PREFERS_STRING_CATALOGS = YES;
				MTL_ENABLE_DEBUG_INFO = NO;
				MTL_FAST_MATH = YES;
				SDKROOT = iphoneos;
				SWIFT_COMPILATION_MODE = wholemodule;
				VALIDATE_PRODUCT = YES;
			};
			name = Release;
		};
		20FDB4F02D3016FD00D4D797 /* Debug */ = {
			isa = XCBuildConfiguration;
			buildSettings = {
				BUNDLE_LOADER = "$(TEST_HOST)";
				CODE_SIGN_STYLE = Automatic;
				CURRENT_PROJECT_VERSION = 1;
				DEVELOPMENT_TEAM = 82SWTYVM8B;
				GENERATE_INFOPLIST_FILE = YES;
				IPHONEOS_DEPLOYMENT_TARGET = 18.1;
				MARKETING_VERSION = 1.0;
				PRODUCT_BUNDLE_IDENTIFIER = "Attendance-app-nfc.New-app-workingTests";
				PRODUCT_NAME = "$(TARGET_NAME)";
				SWIFT_EMIT_LOC_STRINGS = NO;
				SWIFT_VERSION = 5.0;
				TARGETED_DEVICE_FAMILY = "1,2";
				TEST_HOST = "$(BUILT_PRODUCTS_DIR)/New app working.app/$(BUNDLE_EXECUTABLE_FOLDER_PATH)/New app working";
			};
			name = Debug;
		};
		20FDB4F12D3016FD00D4D797 /* Release */ = {
			isa = XCBuildConfiguration;
			buildSettings = {
				BUNDLE_LOADER = "$(TEST_HOST)";
				CODE_SIGN_STYLE = Automatic;
				CURRENT_PROJECT_VERSION = 1;
				DEVELOPMENT_TEAM = 82SWTYVM8B;
				GENERATE_INFOPLIST_FILE = YES;
				IPHONEOS_DEPLOYMENT_TARGET = 18.1;
				MARKETING_VERSION = 1.0;
				PRODUCT_BUNDLE_IDENTIFIER = "Attendance-app-nfc.New-app-workingTests";
				PRODUCT_NAME = "$(TARGET_NAME)";
				SWIFT_EMIT_LOC_STRINGS = NO;
				SWIFT_VERSION = 5.0;
				TARGETED_DEVICE_FAMILY = "1,2";
				TEST_HOST = "$(BUILT_PRODUCTS_DIR)/New app working.app/$(BUNDLE_EXECUTABLE_FOLDER_PATH)/New app working";
			};
			name = Release;
		};
		20FDB4F32D3016FD00D4D797 /* Debug */ = {
			isa = XCBuildConfiguration;
			buildSettings = {
				CODE_SIGN_STYLE = Automatic;
				CURRENT_PROJECT_VERSION = 1;
				DEVELOPMENT_TEAM = 82SWTYVM8B;
				GENERATE_INFOPLIST_FILE = YES;
				MARKETING_VERSION = 1.0;
				PRODUCT_BUNDLE_IDENTIFIER = "Attendance-app-nfc.New-app-workingUITests";
				PRODUCT_NAME = "$(TARGET_NAME)";
				SWIFT_EMIT_LOC_STRINGS = NO;
				SWIFT_VERSION = 5.0;
				TARGETED_DEVICE_FAMILY = "1,2";
				TEST_TARGET_NAME = "New app working";
			};
			name = Debug;
		};
		20FDB4F42D3016FD00D4D797 /* Release */ = {
			isa = XCBuildConfiguration;
			buildSettings = {
				CODE_SIGN_STYLE = Automatic;
				CURRENT_PROJECT_VERSION = 1;
				DEVELOPMENT_TEAM = 82SWTYVM8B;
				GENERATE_INFOPLIST_FILE = YES;
				MARKETING_VERSION = 1.0;
				PRODUCT_BUNDLE_IDENTIFIER = "Attendance-app-nfc.New-app-workingUITests";
				PRODUCT_NAME = "$(TARGET_NAME)";
				SWIFT_EMIT_LOC_STRINGS = NO;
				SWIFT_VERSION = 5.0;
				TARGETED_DEVICE_FAMILY = "1,2";
				TEST_TARGET_NAME = "New app working";
			};
			name = Release;
		};
/* End XCBuildConfiguration section */

/* Begin XCConfigurationList section */
		20FDB4BE2D3016FC00D4D797 /* Build configuration list for PBXProject "New app working" */ = {
			isa = XCConfigurationList;
			buildConfigurations = (
				20FDB4ED2D3016FD00D4D797 /* Debug */,
				20FDB4EE2D3016FD00D4D797 /* Release */,
			);
			defaultConfigurationIsVisible = 0;
			defaultConfigurationName = Release;
		};
		20FDB4EA2D3016FD00D4D797 /* Build configuration list for PBXNativeTarget "New app working" */ = {
			isa = XCConfigurationList;
			buildConfigurations = (
				20FDB4EB2D3016FD00D4D797 /* Debug */,
				20FDB4EC2D3016FD00D4D797 /* Release */,
			);
			defaultConfigurationIsVisible = 0;
			defaultConfigurationName = Release;
		};
		20FDB4EF2D3016FD00D4D797 /* Build configuration list for PBXNativeTarget "New app workingTests" */ = {
			isa = XCConfigurationList;
			buildConfigurations = (
				20FDB4F02D3016FD00D4D797 /* Debug */,
				20FDB4F12D3016FD00D4D797 /* Release */,
			);
			defaultConfigurationIsVisible = 0;
			defaultConfigurationName = Release;
		};
		20FDB4F22D3016FD00D4D797 /* Build configuration list for PBXNativeTarget "New app workingUITests" */ = {
			isa = XCConfigurationList;
			buildConfigurations = (
				20FDB4F32D3016FD00D4D797 /* Debug */,
				20FDB4F42D3016FD00D4D797 /* Release */,
			);
			defaultConfigurationIsVisible = 0;
			defaultConfigurationName = Release;
		};
/* End XCConfigurationList section */
	};
	rootObject = 20FDB4BB2D3016FC00D4D797 /* Project object */;
}
